// !$*UTF8*$!
{
	archiveVersion = 1;
	classes = {
	};
	objectVersion = 46;
	objects = {

/* Begin PBXBuildFile section */
		7732EB47202C46A500652248 /* AFRCDManager.m in Sources */ = {isa = PBXBuildFile; fileRef = 7732EB46202C46A400652248 /* AFRCDManager.m */; };
		7732EB65202C50F800652248 /* FSDKFR.xcdatamodeld in Sources */ = {isa = PBXBuildFile; fileRef = 7732EB63202C50F800652248 /* FSDKFR.xcdatamodeld */; };
		776541B41F442A0600147886 /* arcsoft_fsdk_base.framework in Frameworks */ = {isa = PBXBuildFile; fileRef = 776541B31F4429BE00147886 /* arcsoft_fsdk_base.framework */; };
		776541B51F442A0600147886 /* arcsoft_fsdk_base.framework in Embed Frameworks */ = {isa = PBXBuildFile; fileRef = 776541B31F4429BE00147886 /* arcsoft_fsdk_base.framework */; settings = {ATTRIBUTES = (CodeSignOnCopy, RemoveHeadersOnCopy, ); }; };
		77CFACA81F42E14A00DB8EB7 /* arcsoft_fsdk_age_estimation.framework in Frameworks */ = {isa = PBXBuildFile; fileRef = 77CFAC991F42E14A00DB8EB7 /* arcsoft_fsdk_age_estimation.framework */; };
		77CFACA91F42E14A00DB8EB7 /* arcsoft_fsdk_face_detection.framework in Frameworks */ = {isa = PBXBuildFile; fileRef = 77CFAC9B1F42E14A00DB8EB7 /* arcsoft_fsdk_face_detection.framework */; };
		77CFACAA1F42E14A00DB8EB7 /* arcsoft_fsdk_face_recognition.framework in Frameworks */ = {isa = PBXBuildFile; fileRef = 77CFAC9D1F42E14A00DB8EB7 /* arcsoft_fsdk_face_recognition.framework */; };
		77CFACAB1F42E14A00DB8EB7 /* arcsoft_fsdk_face_tracking.framework in Frameworks */ = {isa = PBXBuildFile; fileRef = 77CFAC9F1F42E14A00DB8EB7 /* arcsoft_fsdk_face_tracking.framework */; };
		77CFACAC1F42E14A00DB8EB7 /* arcsoft_fsdk_gender_estimation.framework in Frameworks */ = {isa = PBXBuildFile; fileRef = 77CFACA11F42E14A00DB8EB7 /* arcsoft_fsdk_gender_estimation.framework */; };
		77CFACAE1F42E30900DB8EB7 /* arcsoft_fsdk_age_estimation.framework in Embed Frameworks */ = {isa = PBXBuildFile; fileRef = 77CFAC991F42E14A00DB8EB7 /* arcsoft_fsdk_age_estimation.framework */; settings = {ATTRIBUTES = (CodeSignOnCopy, RemoveHeadersOnCopy, ); }; };
		77CFACB01F42E30900DB8EB7 /* arcsoft_fsdk_face_detection.framework in Embed Frameworks */ = {isa = PBXBuildFile; fileRef = 77CFAC9B1F42E14A00DB8EB7 /* arcsoft_fsdk_face_detection.framework */; settings = {ATTRIBUTES = (CodeSignOnCopy, RemoveHeadersOnCopy, ); }; };
		77CFACB21F42E30900DB8EB7 /* arcsoft_fsdk_face_recognition.framework in Embed Frameworks */ = {isa = PBXBuildFile; fileRef = 77CFAC9D1F42E14A00DB8EB7 /* arcsoft_fsdk_face_recognition.framework */; settings = {ATTRIBUTES = (CodeSignOnCopy, RemoveHeadersOnCopy, ); }; };
		77CFACB41F42E30900DB8EB7 /* arcsoft_fsdk_face_tracking.framework in Embed Frameworks */ = {isa = PBXBuildFile; fileRef = 77CFAC9F1F42E14A00DB8EB7 /* arcsoft_fsdk_face_tracking.framework */; settings = {ATTRIBUTES = (CodeSignOnCopy, RemoveHeadersOnCopy, ); }; };
		77CFACB61F42E30900DB8EB7 /* arcsoft_fsdk_gender_estimation.framework in Embed Frameworks */ = {isa = PBXBuildFile; fileRef = 77CFACA11F42E14A00DB8EB7 /* arcsoft_fsdk_gender_estimation.framework */; settings = {ATTRIBUTES = (CodeSignOnCopy, RemoveHeadersOnCopy, ); }; };
		77D55EB61F2ECF2E00605942 /* main.m in Sources */ = {isa = PBXBuildFile; fileRef = 77D55EB51F2ECF2E00605942 /* main.m */; };
		77D55EB91F2ECF2E00605942 /* AppDelegate.m in Sources */ = {isa = PBXBuildFile; fileRef = 77D55EB81F2ECF2E00605942 /* AppDelegate.m */; };
		77D55EBC1F2ECF2E00605942 /* ViewController.m in Sources */ = {isa = PBXBuildFile; fileRef = 77D55EBB1F2ECF2E00605942 /* ViewController.m */; };
		77D55EBF1F2ECF2F00605942 /* Main.storyboard in Resources */ = {isa = PBXBuildFile; fileRef = 77D55EBD1F2ECF2F00605942 /* Main.storyboard */; };
		77D55EC41F2ECF2F00605942 /* Assets.xcassets in Resources */ = {isa = PBXBuildFile; fileRef = 77D55EC31F2ECF2F00605942 /* Assets.xcassets */; };
		77D55EC71F2ECF2F00605942 /* LaunchScreen.storyboard in Resources */ = {isa = PBXBuildFile; fileRef = 77D55EC51F2ECF2F00605942 /* LaunchScreen.storyboard */; };
		77D55EF61F2EFBF200605942 /* AFCameraController.m in Sources */ = {isa = PBXBuildFile; fileRef = 77D55EF51F2EFBF200605942 /* AFCameraController.m */; };
		77D55F001F2F057B00605942 /* GLProgram.m in Sources */ = {isa = PBXBuildFile; fileRef = 77D55EFC1F2F057B00605942 /* GLProgram.m */; };
		77D55F011F2F057B00605942 /* GLView.mm in Sources */ = {isa = PBXBuildFile; fileRef = 77D55EFF1F2F057B00605942 /* GLView.mm */; };
		77D55F071F2F167300605942 /* Utility.m in Sources */ = {isa = PBXBuildFile; fileRef = 77D55F061F2F167300605942 /* Utility.m */; };
		77D55F0A1F30125000605942 /* AFVideoProcessor.mm in Sources */ = {isa = PBXBuildFile; fileRef = 77D55F091F30125000605942 /* AFVideoProcessor.mm */; };
		77D55F1C1F30190700605942 /* AFRManager.m in Sources */ = {isa = PBXBuildFile; fileRef = 77D55F0E1F30190600605942 /* AFRManager.m */; };
		77D55F1D1F30190700605942 /* AFRPerson.m in Sources */ = {isa = PBXBuildFile; fileRef = 77D55F101F30190600605942 /* AFRPerson.m */; };
		77DBD90F20285310007088E7 /* StaticImageViewController.mm in Sources */ = {isa = PBXBuildFile; fileRef = 77DBD90E20285310007088E7 /* StaticImageViewController.mm */; };
		77DBD91120298A1D007088E7 /* Photos.framework in Frameworks */ = {isa = PBXBuildFile; fileRef = 77DBD91020298A1D007088E7 /* Photos.framework */; };
/* End PBXBuildFile section */

/* Begin PBXCopyFilesBuildPhase section */
		77CFACB71F42E30900DB8EB7 /* Embed Frameworks */ = {
			isa = PBXCopyFilesBuildPhase;
			buildActionMask = 2147483647;
			dstPath = "";
			dstSubfolderSpec = 10;
			files = (
				77CFACB21F42E30900DB8EB7 /* arcsoft_fsdk_face_recognition.framework in Embed Frameworks */,
				77CFACB41F42E30900DB8EB7 /* arcsoft_fsdk_face_tracking.framework in Embed Frameworks */,
				77CFACB61F42E30900DB8EB7 /* arcsoft_fsdk_gender_estimation.framework in Embed Frameworks */,
				77CFACB01F42E30900DB8EB7 /* arcsoft_fsdk_face_detection.framework in Embed Frameworks */,
				776541B51F442A0600147886 /* arcsoft_fsdk_base.framework in Embed Frameworks */,
				77CFACAE1F42E30900DB8EB7 /* arcsoft_fsdk_age_estimation.framework in Embed Frameworks */,
			);
			name = "Embed Frameworks";
			runOnlyForDeploymentPostprocessing = 0;
		};
/* End PBXCopyFilesBuildPhase section */

/* Begin PBXFileReference section */
		7732EB45202C46A400652248 /* AFRCDManager.h */ = {isa = PBXFileReference; fileEncoding = 4; lastKnownFileType = sourcecode.c.h; path = AFRCDManager.h; sourceTree = "<group>"; };
		7732EB46202C46A400652248 /* AFRCDManager.m */ = {isa = PBXFileReference; fileEncoding = 4; lastKnownFileType = sourcecode.c.objc; path = AFRCDManager.m; sourceTree = "<group>"; };
		7732EB64202C50F800652248 /* FSDKFR.xcdatamodel */ = {isa = PBXFileReference; lastKnownFileType = wrapper.xcdatamodel; path = FSDKFR.xcdatamodel; sourceTree = "<group>"; };
		776541B31F4429BE00147886 /* arcsoft_fsdk_base.framework */ = {isa = PBXFileReference; lastKnownFileType = wrapper.framework; path = arcsoft_fsdk_base.framework; sourceTree = "<group>"; };
		77CFAC991F42E14A00DB8EB7 /* arcsoft_fsdk_age_estimation.framework */ = {isa = PBXFileReference; lastKnownFileType = wrapper.framework; path = arcsoft_fsdk_age_estimation.framework; sourceTree = "<group>"; };
		77CFAC9B1F42E14A00DB8EB7 /* arcsoft_fsdk_face_detection.framework */ = {isa = PBXFileReference; lastKnownFileType = wrapper.framework; path = arcsoft_fsdk_face_detection.framework; sourceTree = "<group>"; };
		77CFAC9D1F42E14A00DB8EB7 /* arcsoft_fsdk_face_recognition.framework */ = {isa = PBXFileReference; lastKnownFileType = wrapper.framework; path = arcsoft_fsdk_face_recognition.framework; sourceTree = "<group>"; };
		77CFAC9F1F42E14A00DB8EB7 /* arcsoft_fsdk_face_tracking.framework */ = {isa = PBXFileReference; lastKnownFileType = wrapper.framework; path = arcsoft_fsdk_face_tracking.framework; sourceTree = "<group>"; };
		77CFACA11F42E14A00DB8EB7 /* arcsoft_fsdk_gender_estimation.framework */ = {isa = PBXFileReference; lastKnownFileType = wrapper.framework; path = arcsoft_fsdk_gender_estimation.framework; sourceTree = "<group>"; };
		77CFACA41F42E14A00DB8EB7 /* amcomdef.h */ = {isa = PBXFileReference; fileEncoding = 4; lastKnownFileType = sourcecode.c.h; path = amcomdef.h; sourceTree = "<group>"; };
		77CFACA51F42E14A00DB8EB7 /* ammem.h */ = {isa = PBXFileReference; fileEncoding = 4; lastKnownFileType = sourcecode.c.h; path = ammem.h; sourceTree = "<group>"; };
		77CFACA61F42E14A00DB8EB7 /* asvloffscreen.h */ = {isa = PBXFileReference; fileEncoding = 4; lastKnownFileType = sourcecode.c.h; path = asvloffscreen.h; sourceTree = "<group>"; };
		77CFACA71F42E14A00DB8EB7 /* merror.h */ = {isa = PBXFileReference; fileEncoding = 4; lastKnownFileType = sourcecode.c.h; path = merror.h; sourceTree = "<group>"; };
		77D55EB11F2ECF2E00605942 /* ArcFace.app */ = {isa = PBXFileReference; explicitFileType = wrapper.application; includeInIndex = 0; path = ArcFace.app; sourceTree = BUILT_PRODUCTS_DIR; };
		77D55EB51F2ECF2E00605942 /* main.m */ = {isa = PBXFileReference; lastKnownFileType = sourcecode.c.objc; path = main.m; sourceTree = "<group>"; };
		77D55EB71F2ECF2E00605942 /* AppDelegate.h */ = {isa = PBXFileReference; lastKnownFileType = sourcecode.c.h; path = AppDelegate.h; sourceTree = "<group>"; };
		77D55EB81F2ECF2E00605942 /* AppDelegate.m */ = {isa = PBXFileReference; lastKnownFileType = sourcecode.c.objc; path = AppDelegate.m; sourceTree = "<group>"; };
		77D55EBA1F2ECF2E00605942 /* ViewController.h */ = {isa = PBXFileReference; lastKnownFileType = sourcecode.c.h; path = ViewController.h; sourceTree = "<group>"; };
		77D55EBB1F2ECF2E00605942 /* ViewController.m */ = {isa = PBXFileReference; lastKnownFileType = sourcecode.c.objc; path = ViewController.m; sourceTree = "<group>"; };
		77D55EBE1F2ECF2F00605942 /* Base */ = {isa = PBXFileReference; lastKnownFileType = file.storyboard; name = Base; path = Base.lproj/Main.storyboard; sourceTree = "<group>"; };
		77D55EC31F2ECF2F00605942 /* Assets.xcassets */ = {isa = PBXFileReference; lastKnownFileType = folder.assetcatalog; path = Assets.xcassets; sourceTree = "<group>"; };
		77D55EC61F2ECF2F00605942 /* Base */ = {isa = PBXFileReference; lastKnownFileType = file.storyboard; name = Base; path = Base.lproj/LaunchScreen.storyboard; sourceTree = "<group>"; };
		77D55EC81F2ECF2F00605942 /* Info.plist */ = {isa = PBXFileReference; lastKnownFileType = text.plist.xml; path = Info.plist; sourceTree = "<group>"; };
		77D55EF41F2EFBF200605942 /* AFCameraController.h */ = {isa = PBXFileReference; fileEncoding = 4; lastKnownFileType = sourcecode.c.h; path = AFCameraController.h; sourceTree = "<group>"; };
		77D55EF51F2EFBF200605942 /* AFCameraController.m */ = {isa = PBXFileReference; fileEncoding = 4; lastKnownFileType = sourcecode.c.objc; path = AFCameraController.m; sourceTree = "<group>"; };
		77D55EFB1F2F057B00605942 /* GLProgram.h */ = {isa = PBXFileReference; fileEncoding = 4; lastKnownFileType = sourcecode.c.h; name = GLProgram.h; path = render/GLProgram.h; sourceTree = "<group>"; };
		77D55EFC1F2F057B00605942 /* GLProgram.m */ = {isa = PBXFileReference; fileEncoding = 4; lastKnownFileType = sourcecode.c.objc; name = GLProgram.m; path = render/GLProgram.m; sourceTree = "<group>"; };
		77D55EFD1F2F057B00605942 /* GLShader.h */ = {isa = PBXFileReference; fileEncoding = 4; lastKnownFileType = sourcecode.c.h; name = GLShader.h; path = render/GLShader.h; sourceTree = "<group>"; };
		77D55EFE1F2F057B00605942 /* GLView.h */ = {isa = PBXFileReference; fileEncoding = 4; lastKnownFileType = sourcecode.c.h; name = GLView.h; path = render/GLView.h; sourceTree = "<group>"; };
		77D55EFF1F2F057B00605942 /* GLView.mm */ = {isa = PBXFileReference; fileEncoding = 4; lastKnownFileType = sourcecode.cpp.objcpp; name = GLView.mm; path = render/GLView.mm; sourceTree = "<group>"; };
		77D55F051F2F167300605942 /* Utility.h */ = {isa = PBXFileReference; fileEncoding = 4; lastKnownFileType = sourcecode.c.h; path = Utility.h; sourceTree = "<group>"; };
		77D55F061F2F167300605942 /* Utility.m */ = {isa = PBXFileReference; fileEncoding = 4; lastKnownFileType = sourcecode.c.objc; path = Utility.m; sourceTree = "<group>"; };
		77D55F081F30125000605942 /* AFVideoProcessor.h */ = {isa = PBXFileReference; fileEncoding = 4; lastKnownFileType = sourcecode.c.h; path = AFVideoProcessor.h; sourceTree = "<group>"; };
		77D55F091F30125000605942 /* AFVideoProcessor.mm */ = {isa = PBXFileReference; fileEncoding = 4; lastKnownFileType = sourcecode.cpp.objcpp; path = AFVideoProcessor.mm; sourceTree = "<group>"; };
		77D55F0D1F30190600605942 /* AFRManager.h */ = {isa = PBXFileReference; fileEncoding = 4; lastKnownFileType = sourcecode.c.h; path = AFRManager.h; sourceTree = "<group>"; };
		77D55F0E1F30190600605942 /* AFRManager.m */ = {isa = PBXFileReference; fileEncoding = 4; lastKnownFileType = sourcecode.c.objc; path = AFRManager.m; sourceTree = "<group>"; };
		77D55F0F1F30190600605942 /* AFRPerson.h */ = {isa = PBXFileReference; fileEncoding = 4; lastKnownFileType = sourcecode.c.h; path = AFRPerson.h; sourceTree = "<group>"; };
		77D55F101F30190600605942 /* AFRPerson.m */ = {isa = PBXFileReference; fileEncoding = 4; lastKnownFileType = sourcecode.c.objc; path = AFRPerson.m; sourceTree = "<group>"; };
		77DBD90D20285310007088E7 /* StaticImageViewController.h */ = {isa = PBXFileReference; lastKnownFileType = sourcecode.c.h; path = StaticImageViewController.h; sourceTree = "<group>"; };
		77DBD90E20285310007088E7 /* StaticImageViewController.mm */ = {isa = PBXFileReference; lastKnownFileType = sourcecode.cpp.objcpp; path = StaticImageViewController.mm; sourceTree = "<group>"; };
		77DBD91020298A1D007088E7 /* Photos.framework */ = {isa = PBXFileReference; lastKnownFileType = wrapper.framework; name = Photos.framework; path = System/Library/Frameworks/Photos.framework; sourceTree = SDKROOT; };
/* End PBXFileReference section */

/* Begin PBXFrameworksBuildPhase section */
		77D55EAE1F2ECF2E00605942 /* Frameworks */ = {
			isa = PBXFrameworksBuildPhase;
			buildActionMask = 2147483647;
			files = (
				77DBD91120298A1D007088E7 /* Photos.framework in Frameworks */,
				77CFACA81F42E14A00DB8EB7 /* arcsoft_fsdk_age_estimation.framework in Frameworks */,
				77CFACAC1F42E14A00DB8EB7 /* arcsoft_fsdk_gender_estimation.framework in Frameworks */,
				77CFACAA1F42E14A00DB8EB7 /* arcsoft_fsdk_face_recognition.framework in Frameworks */,
				77CFACA91F42E14A00DB8EB7 /* arcsoft_fsdk_face_detection.framework in Frameworks */,
				776541B41F442A0600147886 /* arcsoft_fsdk_base.framework in Frameworks */,
				77CFACAB1F42E14A00DB8EB7 /* arcsoft_fsdk_face_tracking.framework in Frameworks */,
			);
			runOnlyForDeploymentPostprocessing = 0;
		};
/* End PBXFrameworksBuildPhase section */

/* Begin PBXGroup section */
		7732EB44202C468B00652248 /* coredata */ = {
			isa = PBXGroup;
			children = (
				7732EB63202C50F800652248 /* FSDKFR.xcdatamodeld */,
				7732EB45202C46A400652248 /* AFRCDManager.h */,
				7732EB46202C46A400652248 /* AFRCDManager.m */,
			);
			name = coredata;
			sourceTree = "<group>";
		};
		77CFAC971F42E14A00DB8EB7 /* engines */ = {
			isa = PBXGroup;
			children = (
				776541B31F4429BE00147886 /* arcsoft_fsdk_base.framework */,
				77CFAC981F42E14A00DB8EB7 /* arcsoft_fsdk_age_estimation */,
				77CFAC9A1F42E14A00DB8EB7 /* arcsoft_fsdk_face_detection */,
				77CFAC9C1F42E14A00DB8EB7 /* arcsoft_fsdk_face_recognition */,
				77CFAC9E1F42E14A00DB8EB7 /* arcsoft_fsdk_face_tracking */,
				77CFACA01F42E14A00DB8EB7 /* arcsoft_fsdk_gender_estimation */,
				77CFACA21F42E14A00DB8EB7 /* PLATFORM */,
			);
			name = engines;
			path = ArcFace/engines;
			sourceTree = "<group>";
		};
		77CFAC981F42E14A00DB8EB7 /* arcsoft_fsdk_age_estimation */ = {
			isa = PBXGroup;
			children = (
				77CFAC991F42E14A00DB8EB7 /* arcsoft_fsdk_age_estimation.framework */,
			);
			path = arcsoft_fsdk_age_estimation;
			sourceTree = "<group>";
		};
		77CFAC9A1F42E14A00DB8EB7 /* arcsoft_fsdk_face_detection */ = {
			isa = PBXGroup;
			children = (
				77CFAC9B1F42E14A00DB8EB7 /* arcsoft_fsdk_face_detection.framework */,
			);
			path = arcsoft_fsdk_face_detection;
			sourceTree = "<group>";
		};
		77CFAC9C1F42E14A00DB8EB7 /* arcsoft_fsdk_face_recognition */ = {
			isa = PBXGroup;
			children = (
				77CFAC9D1F42E14A00DB8EB7 /* arcsoft_fsdk_face_recognition.framework */,
			);
			path = arcsoft_fsdk_face_recognition;
			sourceTree = "<group>";
		};
		77CFAC9E1F42E14A00DB8EB7 /* arcsoft_fsdk_face_tracking */ = {
			isa = PBXGroup;
			children = (
				77CFAC9F1F42E14A00DB8EB7 /* arcsoft_fsdk_face_tracking.framework */,
			);
			path = arcsoft_fsdk_face_tracking;
			sourceTree = "<group>";
		};
		77CFACA01F42E14A00DB8EB7 /* arcsoft_fsdk_gender_estimation */ = {
			isa = PBXGroup;
			children = (
				77CFACA11F42E14A00DB8EB7 /* arcsoft_fsdk_gender_estimation.framework */,
			);
			path = arcsoft_fsdk_gender_estimation;
			sourceTree = "<group>";
		};
		77CFACA21F42E14A00DB8EB7 /* PLATFORM */ = {
			isa = PBXGroup;
			children = (
				77CFACA31F42E14A00DB8EB7 /* inc */,
			);
			path = PLATFORM;
			sourceTree = "<group>";
		};
		77CFACA31F42E14A00DB8EB7 /* inc */ = {
			isa = PBXGroup;
			children = (
				77CFACA41F42E14A00DB8EB7 /* amcomdef.h */,
				77CFACA51F42E14A00DB8EB7 /* ammem.h */,
				77CFACA61F42E14A00DB8EB7 /* asvloffscreen.h */,
				77CFACA71F42E14A00DB8EB7 /* merror.h */,
			);
			path = inc;
			sourceTree = "<group>";
		};
		77D55EA81F2ECF2D00605942 = {
			isa = PBXGroup;
			children = (
				77CFAC971F42E14A00DB8EB7 /* engines */,
				77D55EB31F2ECF2E00605942 /* ArcFace */,
				77D55EB21F2ECF2E00605942 /* Products */,
				77D55EF71F2F024E00605942 /* Frameworks */,
			);
			sourceTree = "<group>";
		};
		77D55EB21F2ECF2E00605942 /* Products */ = {
			isa = PBXGroup;
			children = (
				77D55EB11F2ECF2E00605942 /* ArcFace.app */,
			);
			name = Products;
			sourceTree = "<group>";
		};
		77D55EB31F2ECF2E00605942 /* ArcFace */ = {
			isa = PBXGroup;
			children = (
				7732EB44202C468B00652248 /* coredata */,
				77D55F0D1F30190600605942 /* AFRManager.h */,
				77D55F0E1F30190600605942 /* AFRManager.m */,
				77D55F0F1F30190600605942 /* AFRPerson.h */,
				77D55F101F30190600605942 /* AFRPerson.m */,
				77D55EB71F2ECF2E00605942 /* AppDelegate.h */,
				77D55EB81F2ECF2E00605942 /* AppDelegate.m */,
				77D55EBA1F2ECF2E00605942 /* ViewController.h */,
				77D55EBB1F2ECF2E00605942 /* ViewController.m */,
				77D55EF41F2EFBF200605942 /* AFCameraController.h */,
				77D55EF51F2EFBF200605942 /* AFCameraController.m */,
				77D55F081F30125000605942 /* AFVideoProcessor.h */,
				77D55F091F30125000605942 /* AFVideoProcessor.mm */,
				77DBD90D20285310007088E7 /* StaticImageViewController.h */,
				77DBD90E20285310007088E7 /* StaticImageViewController.mm */,
				77D55F051F2F167300605942 /* Utility.h */,
				77D55F061F2F167300605942 /* Utility.m */,
				77D55EBD1F2ECF2F00605942 /* Main.storyboard */,
				77D55EC51F2ECF2F00605942 /* LaunchScreen.storyboard */,
				77D55EC31F2ECF2F00605942 /* Assets.xcassets */,
				77D55EC81F2ECF2F00605942 /* Info.plist */,
				77D55EFA1F2F052200605942 /* render */,
				77D55EB41F2ECF2E00605942 /* Supporting Files */,
			);
			path = ArcFace;
			sourceTree = "<group>";
		};
		77D55EB41F2ECF2E00605942 /* Supporting Files */ = {
			isa = PBXGroup;
			children = (
				77D55EB51F2ECF2E00605942 /* main.m */,
			);
			name = "Supporting Files";
			sourceTree = "<group>";
		};
		77D55EF71F2F024E00605942 /* Frameworks */ = {
			isa = PBXGroup;
			children = (
				77DBD91020298A1D007088E7 /* Photos.framework */,
			);
			name = Frameworks;
			sourceTree = "<group>";
		};
		77D55EFA1F2F052200605942 /* render */ = {
			isa = PBXGroup;
			children = (
				77D55EFB1F2F057B00605942 /* GLProgram.h */,
				77D55EFC1F2F057B00605942 /* GLProgram.m */,
				77D55EFD1F2F057B00605942 /* GLShader.h */,
				77D55EFE1F2F057B00605942 /* GLView.h */,
				77D55EFF1F2F057B00605942 /* GLView.mm */,
			);
			name = render;
			sourceTree = "<group>";
		};
/* End PBXGroup section */

/* Begin PBXNativeTarget section */
		77D55EB01F2ECF2E00605942 /* ArcFace */ = {
			isa = PBXNativeTarget;
			buildConfigurationList = 77D55ECB1F2ECF2F00605942 /* Build configuration list for PBXNativeTarget "ArcFace" */;
			buildPhases = (
				77D55EAD1F2ECF2E00605942 /* Sources */,
				77D55EAE1F2ECF2E00605942 /* Frameworks */,
				77D55EAF1F2ECF2E00605942 /* Resources */,
				77CFACB71F42E30900DB8EB7 /* Embed Frameworks */,
			);
			buildRules = (
			);
			dependencies = (
			);
			name = ArcFace;
			productName = ArcFace;
			productReference = 77D55EB11F2ECF2E00605942 /* ArcFace.app */;
			productType = "com.apple.product-type.application";
		};
/* End PBXNativeTarget section */

/* Begin PBXProject section */
		77D55EA91F2ECF2D00605942 /* Project object */ = {
			isa = PBXProject;
			attributes = {
				LastUpgradeCheck = 0900;
				ORGANIZATIONNAME = ArcSoft;
				TargetAttributes = {
					77D55EB01F2ECF2E00605942 = {
						CreatedOnToolsVersion = 8.3.1;
						DevelopmentTeam = 7XGDWKCU6D;
						ProvisioningStyle = Automatic;
					};
				};
			};
			buildConfigurationList = 77D55EAC1F2ECF2D00605942 /* Build configuration list for PBXProject "ArcFace" */;
			compatibilityVersion = "Xcode 3.2";
			developmentRegion = English;
			hasScannedForEncodings = 0;
			knownRegions = (
				en,
				Base,
			);
			mainGroup = 77D55EA81F2ECF2D00605942;
			productRefGroup = 77D55EB21F2ECF2E00605942 /* Products */;
			projectDirPath = "";
			projectRoot = "";
			targets = (
				77D55EB01F2ECF2E00605942 /* ArcFace */,
			);
		};
/* End PBXProject section */

/* Begin PBXResourcesBuildPhase section */
		77D55EAF1F2ECF2E00605942 /* Resources */ = {
			isa = PBXResourcesBuildPhase;
			buildActionMask = 2147483647;
			files = (
				77D55EC71F2ECF2F00605942 /* LaunchScreen.storyboard in Resources */,
				77D55EC41F2ECF2F00605942 /* Assets.xcassets in Resources */,
				77D55EBF1F2ECF2F00605942 /* Main.storyboard in Resources */,
			);
			runOnlyForDeploymentPostprocessing = 0;
		};
/* End PBXResourcesBuildPhase section */

/* Begin PBXSourcesBuildPhase section */
		77D55EAD1F2ECF2E00605942 /* Sources */ = {
			isa = PBXSourcesBuildPhase;
			buildActionMask = 2147483647;
			files = (
				77D55F011F2F057B00605942 /* GLView.mm in Sources */,
				77D55EF61F2EFBF200605942 /* AFCameraController.m in Sources */,
				77D55EBC1F2ECF2E00605942 /* ViewController.m in Sources */,
				77D55F1D1F30190700605942 /* AFRPerson.m in Sources */,
				7732EB65202C50F800652248 /* FSDKFR.xcdatamodeld in Sources */,
				7732EB47202C46A500652248 /* AFRCDManager.m in Sources */,
				77D55F071F2F167300605942 /* Utility.m in Sources */,
				77DBD90F20285310007088E7 /* StaticImageViewController.mm in Sources */,
				77D55F0A1F30125000605942 /* AFVideoProcessor.mm in Sources */,
				77D55EB91F2ECF2E00605942 /* AppDelegate.m in Sources */,
				77D55EB61F2ECF2E00605942 /* main.m in Sources */,
				77D55F001F2F057B00605942 /* GLProgram.m in Sources */,
				77D55F1C1F30190700605942 /* AFRManager.m in Sources */,
			);
			runOnlyForDeploymentPostprocessing = 0;
		};
/* End PBXSourcesBuildPhase section */

/* Begin PBXVariantGroup section */
		77D55EBD1F2ECF2F00605942 /* Main.storyboard */ = {
			isa = PBXVariantGroup;
			children = (
				77D55EBE1F2ECF2F00605942 /* Base */,
			);
			name = Main.storyboard;
			sourceTree = "<group>";
		};
		77D55EC51F2ECF2F00605942 /* LaunchScreen.storyboard */ = {
			isa = PBXVariantGroup;
			children = (
				77D55EC61F2ECF2F00605942 /* Base */,
			);
			name = LaunchScreen.storyboard;
			sourceTree = "<group>";
		};
/* End PBXVariantGroup section */

/* Begin XCBuildConfiguration section */
		77D55EC91F2ECF2F00605942 /* Debug */ = {
			isa = XCBuildConfiguration;
			buildSettings = {
				ALWAYS_SEARCH_USER_PATHS = NO;
				CLANG_ANALYZER_NONNULL = YES;
				CLANG_ANALYZER_NUMBER_OBJECT_CONVERSION = YES_AGGRESSIVE;
				CLANG_CXX_LANGUAGE_STANDARD = "gnu++0x";
				CLANG_CXX_LIBRARY = "libc++";
				CLANG_ENABLE_MODULES = YES;
				CLANG_ENABLE_OBJC_ARC = YES;
				CLANG_WARN_BLOCK_CAPTURE_AUTORELEASING = YES;
				CLANG_WARN_BOOL_CONVERSION = YES;
				CLANG_WARN_COMMA = YES;
				CLANG_WARN_CONSTANT_CONVERSION = YES;
				CLANG_WARN_DIRECT_OBJC_ISA_USAGE = YES_ERROR;
				CLANG_WARN_DOCUMENTATION_COMMENTS = YES;
				CLANG_WARN_EMPTY_BODY = YES;
				CLANG_WARN_ENUM_CONVERSION = YES;
				CLANG_WARN_INFINITE_RECURSION = YES;
				CLANG_WARN_INT_CONVERSION = YES;
				CLANG_WARN_NON_LITERAL_NULL_CONVERSION = YES;
				CLANG_WARN_OBJC_LITERAL_CONVERSION = YES;
				CLANG_WARN_OBJC_ROOT_CLASS = YES_ERROR;
				CLANG_WARN_RANGE_LOOP_ANALYSIS = YES;
				CLANG_WARN_STRICT_PROTOTYPES = YES;
				CLANG_WARN_SUSPICIOUS_MOVE = YES;
				CLANG_WARN_UNREACHABLE_CODE = YES;
				CLANG_WARN__DUPLICATE_METHOD_MATCH = YES;
				"CODE_SIGN_IDENTITY[sdk=iphoneos*]" = "iPhone Developer";
				COPY_PHASE_STRIP = NO;
				DEBUG_INFORMATION_FORMAT = dwarf;
				ENABLE_STRICT_OBJC_MSGSEND = YES;
				ENABLE_TESTABILITY = YES;
				GCC_C_LANGUAGE_STANDARD = gnu99;
				GCC_DYNAMIC_NO_PIC = NO;
				GCC_NO_COMMON_BLOCKS = YES;
				GCC_OPTIMIZATION_LEVEL = 0;
				GCC_PREPROCESSOR_DEFINITIONS = (
					"DEBUG=1",
					"$(inherited)",
				);
				GCC_WARN_64_TO_32_BIT_CONVERSION = YES;
				GCC_WARN_ABOUT_RETURN_TYPE = YES_ERROR;
				GCC_WARN_UNDECLARED_SELECTOR = YES;
				GCC_WARN_UNINITIALIZED_AUTOS = YES_AGGRESSIVE;
				GCC_WARN_UNUSED_FUNCTION = YES;
				GCC_WARN_UNUSED_VARIABLE = YES;
				IPHONEOS_DEPLOYMENT_TARGET = 8.0;
				MTL_ENABLE_DEBUG_INFO = YES;
				ONLY_ACTIVE_ARCH = YES;
				SDKROOT = iphoneos;
			};
			name = Debug;
		};
		77D55ECA1F2ECF2F00605942 /* Release */ = {
			isa = XCBuildConfiguration;
			buildSettings = {
				ALWAYS_SEARCH_USER_PATHS = NO;
				CLANG_ANALYZER_NONNULL = YES;
				CLANG_ANALYZER_NUMBER_OBJECT_CONVERSION = YES_AGGRESSIVE;
				CLANG_CXX_LANGUAGE_STANDARD = "gnu++0x";
				CLANG_CXX_LIBRARY = "libc++";
				CLANG_ENABLE_MODULES = YES;
				CLANG_ENABLE_OBJC_ARC = YES;
				CLANG_WARN_BLOCK_CAPTURE_AUTORELEASING = YES;
				CLANG_WARN_BOOL_CONVERSION = YES;
				CLANG_WARN_COMMA = YES;
				CLANG_WARN_CONSTANT_CONVERSION = YES;
				CLANG_WARN_DIRECT_OBJC_ISA_USAGE = YES_ERROR;
				CLANG_WARN_DOCUMENTATION_COMMENTS = YES;
				CLANG_WARN_EMPTY_BODY = YES;
				CLANG_WARN_ENUM_CONVERSION = YES;
				CLANG_WARN_INFINITE_RECURSION = YES;
				CLANG_WARN_INT_CONVERSION = YES;
				CLANG_WARN_NON_LITERAL_NULL_CONVERSION = YES;
				CLANG_WARN_OBJC_LITERAL_CONVERSION = YES;
				CLANG_WARN_OBJC_ROOT_CLASS = YES_ERROR;
				CLANG_WARN_RANGE_LOOP_ANALYSIS = YES;
				CLANG_WARN_STRICT_PROTOTYPES = YES;
				CLANG_WARN_SUSPICIOUS_MOVE = YES;
				CLANG_WARN_UNREACHABLE_CODE = YES;
				CLANG_WARN__DUPLICATE_METHOD_MATCH = YES;
				"CODE_SIGN_IDENTITY[sdk=iphoneos*]" = "iPhone Developer";
				COPY_PHASE_STRIP = NO;
				DEBUG_INFORMATION_FORMAT = "dwarf-with-dsym";
				ENABLE_NS_ASSERTIONS = NO;
				ENABLE_STRICT_OBJC_MSGSEND = YES;
				GCC_C_LANGUAGE_STANDARD = gnu99;
				GCC_NO_COMMON_BLOCKS = YES;
				GCC_WARN_64_TO_32_BIT_CONVERSION = YES;
				GCC_WARN_ABOUT_RETURN_TYPE = YES_ERROR;
				GCC_WARN_UNDECLARED_SELECTOR = YES;
				GCC_WARN_UNINITIALIZED_AUTOS = YES_AGGRESSIVE;
				GCC_WARN_UNUSED_FUNCTION = YES;
				GCC_WARN_UNUSED_VARIABLE = YES;
				IPHONEOS_DEPLOYMENT_TARGET = 8.0;
				MTL_ENABLE_DEBUG_INFO = NO;
				SDKROOT = iphoneos;
				VALIDATE_PRODUCT = YES;
			};
			name = Release;
		};
		77D55ECC1F2ECF2F00605942 /* Debug */ = {
			isa = XCBuildConfiguration;
			buildSettings = {
				ASSETCATALOG_COMPILER_APPICON_NAME = AppIcon;
				DEVELOPMENT_TEAM = 7XGDWKCU6D;
				ENABLE_BITCODE = NO;
				FRAMEWORK_SEARCH_PATHS = (
					"$(inherited)",
					"$(PROJECT_DIR)/ArcFace/engines/arcsoft_fsdk_age_estimation",
					"$(PROJECT_DIR)/ArcFace/engines/arcsoft_fsdk_face_detection",
					"$(PROJECT_DIR)/ArcFace/engines/arcsoft_fsdk_face_recognition",
					"$(PROJECT_DIR)/ArcFace/engines/arcsoft_fsdk_face_tracking",
					"$(PROJECT_DIR)/ArcFace/engines/arcsoft_fsdk_gender_estimation",
					"$(PROJECT_DIR)/ArcFace/engines/PLATFORM",
					"$(PROJECT_DIR)/ArcFace/engines",
				);
				INFOPLIST_FILE = ArcFace/Info.plist;
				IPHONEOS_DEPLOYMENT_TARGET = 8.0;
				LD_RUNPATH_SEARCH_PATHS = "$(inherited) @executable_path/Frameworks";
				LIBRARY_SEARCH_PATHS = "$(inherited)";
				OTHER_LDFLAGS = "-ObjC";
				PRODUCT_BUNDLE_IDENTIFIER = com.arcsoft.ArcFace;
				PRODUCT_NAME = "$(TARGET_NAME)";
			};
			name = Debug;
		};
		77D55ECD1F2ECF2F00605942 /* Release */ = {
			isa = XCBuildConfiguration;
			buildSettings = {
				ASSETCATALOG_COMPILER_APPICON_NAME = AppIcon;
				DEVELOPMENT_TEAM = 7XGDWKCU6D;
				ENABLE_BITCODE = NO;
				FRAMEWORK_SEARCH_PATHS = (
					"$(inherited)",
					"$(PROJECT_DIR)/ArcFace/engines/arcsoft_fsdk_age_estimation",
					"$(PROJECT_DIR)/ArcFace/engines/arcsoft_fsdk_face_detection",
					"$(PROJECT_DIR)/ArcFace/engines/arcsoft_fsdk_face_recognition",
					"$(PROJECT_DIR)/ArcFace/engines/arcsoft_fsdk_face_tracking",
					"$(PROJECT_DIR)/ArcFace/engines/arcsoft_fsdk_gender_estimation",
					"$(PROJECT_DIR)/ArcFace/engines/PLATFORM",
					"$(PROJECT_DIR)/ArcFace/engines",
				);
				INFOPLIST_FILE = ArcFace/Info.plist;
				IPHONEOS_DEPLOYMENT_TARGET = 8.0;
				LD_RUNPATH_SEARCH_PATHS = "$(inherited) @executable_path/Frameworks";
				LIBRARY_SEARCH_PATHS = "$(inherited)";
				OTHER_LDFLAGS = "-ObjC";
				PRODUCT_BUNDLE_IDENTIFIER = com.arcsoft.ArcFace;
				PRODUCT_NAME = "$(TARGET_NAME)";
			};
			name = Release;
		};
/* End XCBuildConfiguration section */

/* Begin XCConfigurationList section */
		77D55EAC1F2ECF2D00605942 /* Build configuration list for PBXProject "ArcFace" */ = {
			isa = XCConfigurationList;
			buildConfigurations = (
				77D55EC91F2ECF2F00605942 /* Debug */,
				77D55ECA1F2ECF2F00605942 /* Release */,
			);
			defaultConfigurationIsVisible = 0;
			defaultConfigurationName = Release;
		};
		77D55ECB1F2ECF2F00605942 /* Build configuration list for PBXNativeTarget "ArcFace" */ = {
			isa = XCConfigurationList;
			buildConfigurations = (
				77D55ECC1F2ECF2F00605942 /* Debug */,
				77D55ECD1F2ECF2F00605942 /* Release */,
			);
			defaultConfigurationIsVisible = 0;
			defaultConfigurationName = Release;
		};
/* End XCConfigurationList section */

/* Begin XCVersionGroup section */
		7732EB63202C50F800652248 /* FSDKFR.xcdatamodeld */ = {
			isa = XCVersionGroup;
			children = (
				7732EB64202C50F800652248 /* FSDKFR.xcdatamodel */,
			);
			currentVersion = 7732EB64202C50F800652248 /* FSDKFR.xcdatamodel */;
			path = FSDKFR.xcdatamodeld;
			sourceTree = "<group>";
			versionGroupType = wrapper.xcdatamodel;
		};
/* End XCVersionGroup section */
	};
	rootObject = 77D55EA91F2ECF2D00605942 /* Project object */;
}
